{
  "name": "decidim-module-socio_demographic_authorization_handler",
  "version": "0.28.1",
  "lockfileVersion": 3,
  "requires": true,
  "packages": {
    "": {
      "name": "decidim-module-socio_demographic_authorization_handler",
      "version": "0.28.1",
      "license": "AGPL-3.0-or-later"
    }
  }
}
